
Microsoft Visual Studio Solution File, Format Version 12.00
# Visual Studio 15
VisualStudioVersion = 15.0.28307.1062
MinimumVisualStudioVersion = 10.0.40219.1
Project("{8BC9CEB8-8B4A-11D0-8D11-00A0C91BC942}") = "Datastracture - project1", "Datastracture - project1\Datastracture - project1.vcxproj", "{53DD9EFA-3AA1-41F0-B95D-3A1495FB084B}"
EndProject
Global
	GlobalSection(SolutionConfigurationPlatforms) = preSolution
		Debug|x64 = Debug|x64
		Debug|x86 = Debug|x86
		Release|x64 = Release|x64
		Release|x86 = Release|x86
	EndGlobalSection
	GlobalSection(ProjectConfigurationPlatforms) = postSolution
		{53DD9EFA-3AA1-41F0-B95D-3A1495FB084B}.Debug|x64.ActiveCfg = Debug|x64
		{53DD9EFA-3AA1-41F0-B95D-3A1495FB084B}.Debug|x64.Build.0 = Debug|x64
		{53DD9EFA-3AA1-41F0-B95D-3A1495FB084B}.Debug|x86.ActiveCfg = Debug|Win32
		{53DD9EFA-3AA1-41F0-B95D-3A1495FB084B}.Debug|x86.Build.0 = Debug|Win32
		{53DD9EFA-3AA1-41F0-B95D-3A1495FB084B}.Release|x64.ActiveCfg = Release|x64
		{53DD9EFA-3AA1-41F0-B95D-3A1495FB084B}.Release|x64.Build.0 = Release|x64
		{53DD9EFA-3AA1-41F0-B95D-3A1495FB084B}.Release|x86.ActiveCfg = Release|Win32
		{53DD9EFA-3AA1-41F0-B95D-3A1495FB084B}.Release|x86.Build.0 = Release|Win32
	EndGlobalSection
	GlobalSection(SolutionProperties) = preSolution
		HideSolutionNode = FALSE
	EndGlobalSection
	GlobalSection(ExtensibilityGlobals) = postSolution
		SolutionGuid = {8D8997FA-E016-42CD-AA2C-94738BFFF0FE}
	EndGlobalSection
EndGlobal
